
Microsoft Visual Studio Solution File, Format Version 12.00
Project("{FAE04EC0-301F-11D3-BF4B-00C04F79EFBC}") = "API", "API\API.csproj", "{C40F26A1-5351-4925-ACE3-85C489D598C1}"
EndProject
Project("{FAE04EC0-301F-11D3-BF4B-00C04F79EFBC}") = "MVVM", "MVVM\MVVM.csproj", "{F6507755-B1CD-40C4-8560-E61EF8F5B7DA}"
EndProject
Project("{FAE04EC0-301F-11D3-BF4B-00C04F79EFBC}") = "Yarify.Tests", "Yarify.Tests\Yarify.Tests.csproj", "{35F4CF4D-A5BC-4810-B61F-ADF6E575487F}"
EndProject
Global
	GlobalSection(SolutionConfigurationPlatforms) = preSolution
		Debug|Any CPU = Debug|Any CPU
		Debug|x64 = Debug|x64
		Debug|x86 = Debug|x86
		Release|Any CPU = Release|Any CPU
		Release|x64 = Release|x64
		Release|x86 = Release|x86
	EndGlobalSection
	GlobalSection(ProjectConfigurationPlatforms) = postSolution
		{C40F26A1-5351-4925-ACE3-85C489D598C1}.Debug|Any CPU.ActiveCfg = Debug|Any CPU
		{C40F26A1-5351-4925-ACE3-85C489D598C1}.Debug|Any CPU.Build.0 = Debug|Any CPU
		{C40F26A1-5351-4925-ACE3-85C489D598C1}.Debug|x64.ActiveCfg = Debug|Any CPU
		{C40F26A1-5351-4925-ACE3-85C489D598C1}.Debug|x64.Build.0 = Debug|Any CPU
		{C40F26A1-5351-4925-ACE3-85C489D598C1}.Debug|x86.ActiveCfg = Debug|Any CPU
		{C40F26A1-5351-4925-ACE3-85C489D598C1}.Debug|x86.Build.0 = Debug|Any CPU
		{C40F26A1-5351-4925-ACE3-85C489D598C1}.Release|Any CPU.ActiveCfg = Release|Any CPU
		{C40F26A1-5351-4925-ACE3-85C489D598C1}.Release|Any CPU.Build.0 = Release|Any CPU
		{C40F26A1-5351-4925-ACE3-85C489D598C1}.Release|x64.ActiveCfg = Release|Any CPU
		{C40F26A1-5351-4925-ACE3-85C489D598C1}.Release|x64.Build.0 = Release|Any CPU
		{C40F26A1-5351-4925-ACE3-85C489D598C1}.Release|x86.ActiveCfg = Release|Any CPU
		{C40F26A1-5351-4925-ACE3-85C489D598C1}.Release|x86.Build.0 = Release|Any CPU
		{F6507755-B1CD-40C4-8560-E61EF8F5B7DA}.Debug|Any CPU.ActiveCfg = Debug|Any CPU
		{F6507755-B1CD-40C4-8560-E61EF8F5B7DA}.Debug|Any CPU.Build.0 = Debug|Any CPU
		{F6507755-B1CD-40C4-8560-E61EF8F5B7DA}.Debug|x64.ActiveCfg = Debug|Any CPU
		{F6507755-B1CD-40C4-8560-E61EF8F5B7DA}.Debug|x64.Build.0 = Debug|Any CPU
		{F6507755-B1CD-40C4-8560-E61EF8F5B7DA}.Debug|x86.ActiveCfg = Debug|Any CPU
		{F6507755-B1CD-40C4-8560-E61EF8F5B7DA}.Debug|x86.Build.0 = Debug|Any CPU
		{F6507755-B1CD-40C4-8560-E61EF8F5B7DA}.Release|Any CPU.ActiveCfg = Release|Any CPU
		{F6507755-B1CD-40C4-8560-E61EF8F5B7DA}.Release|Any CPU.Build.0 = Release|Any CPU
		{F6507755-B1CD-40C4-8560-E61EF8F5B7DA}.Release|x64.ActiveCfg = Release|Any CPU
		{F6507755-B1CD-40C4-8560-E61EF8F5B7DA}.Release|x64.Build.0 = Release|Any CPU
		{F6507755-B1CD-40C4-8560-E61EF8F5B7DA}.Release|x86.ActiveCfg = Release|Any CPU
		{F6507755-B1CD-40C4-8560-E61EF8F5B7DA}.Release|x86.Build.0 = Release|Any CPU
		{35F4CF4D-A5BC-4810-B61F-ADF6E575487F}.Debug|Any CPU.ActiveCfg = Debug|Any CPU
		{35F4CF4D-A5BC-4810-B61F-ADF6E575487F}.Debug|Any CPU.Build.0 = Debug|Any CPU
		{35F4CF4D-A5BC-4810-B61F-ADF6E575487F}.Debug|x64.ActiveCfg = Debug|Any CPU
		{35F4CF4D-A5BC-4810-B61F-ADF6E575487F}.Debug|x64.Build.0 = Debug|Any CPU
		{35F4CF4D-A5BC-4810-B61F-ADF6E575487F}.Debug|x86.ActiveCfg = Debug|Any CPU
		{35F4CF4D-A5BC-4810-B61F-ADF6E575487F}.Debug|x86.Build.0 = Debug|Any CPU
		{35F4CF4D-A5BC-4810-B61F-ADF6E575487F}.Release|Any CPU.ActiveCfg = Release|Any CPU
		{35F4CF4D-A5BC-4810-B61F-ADF6E575487F}.Release|Any CPU.Build.0 = Release|Any CPU
		{35F4CF4D-A5BC-4810-B61F-ADF6E575487F}.Release|x64.ActiveCfg = Release|Any CPU
		{35F4CF4D-A5BC-4810-B61F-ADF6E575487F}.Release|x64.Build.0 = Release|Any CPU
		{35F4CF4D-A5BC-4810-B61F-ADF6E575487F}.Release|x86.ActiveCfg = Release|Any CPU
		{35F4CF4D-A5BC-4810-B61F-ADF6E575487F}.Release|x86.Build.0 = Release|Any CPU
	EndGlobalSection
	GlobalSection(SolutionProperties) = preSolution
		HideSolutionNode = FALSE
	EndGlobalSection
EndGlobal
